// !$*UTF8*$!
{
	archiveVersion = 1;
	classes = {
	};
	objectVersion = 56;
	objects = {

/* Begin PBXBuildFile section */
		6911030E28E4CC4800FAFAAB /* SDWebImage in Frameworks */ = {isa = PBXBuildFile; productRef = 6911030D28E4CC4800FAFAAB /* SDWebImage */; };
		693BBE8028DCF7C80072CC69 /* SwiftyJSON in Frameworks */ = {isa = PBXBuildFile; productRef = 693BBE7F28DCF7C80072CC69 /* SwiftyJSON */; };
		693BBE8328DCF81B0072CC69 /* Alamofire in Frameworks */ = {isa = PBXBuildFile; productRef = 693BBE8228DCF81B0072CC69 /* Alamofire */; };
		69A9F05228E5EE620067F208 /* WhatDogClassifier.mlmodel in Sources */ = {isa = PBXBuildFile; fileRef = 69A9F05128E5EE620067F208 /* WhatDogClassifier.mlmodel */; };
		69F3944328D9001D00F9CB28 /* AppDelegate.swift in Sources */ = {isa = PBXBuildFile; fileRef = 69F3944228D9001D00F9CB28 /* AppDelegate.swift */; };
		69F3944528D9001D00F9CB28 /* SceneDelegate.swift in Sources */ = {isa = PBXBuildFile; fileRef = 69F3944428D9001D00F9CB28 /* SceneDelegate.swift */; };
		69F3944728D9001D00F9CB28 /* ViewController.swift in Sources */ = {isa = PBXBuildFile; fileRef = 69F3944628D9001D00F9CB28 /* ViewController.swift */; };
		69F3944A28D9001D00F9CB28 /* Main.storyboard in Resources */ = {isa = PBXBuildFile; fileRef = 69F3944828D9001D00F9CB28 /* Main.storyboard */; };
		69F3944C28D9001E00F9CB28 /* Assets.xcassets in Resources */ = {isa = PBXBuildFile; fileRef = 69F3944B28D9001E00F9CB28 /* Assets.xcassets */; };
		69F3944F28D9001E00F9CB28 /* LaunchScreen.storyboard in Resources */ = {isa = PBXBuildFile; fileRef = 69F3944D28D9001E00F9CB28 /* LaunchScreen.storyboard */; };
/* End PBXBuildFile section */

/* Begin PBXFileReference section */
		69A9F05128E5EE620067F208 /* WhatDogClassifier.mlmodel */ = {isa = PBXFileReference; lastKnownFileType = file.mlmodel; path = WhatDogClassifier.mlmodel; sourceTree = "<group>"; };
		69F3943F28D9001D00F9CB28 /* WhatDog.app */ = {isa = PBXFileReference; explicitFileType = wrapper.application; includeInIndex = 0; path = WhatDog.app; sourceTree = BUILT_PRODUCTS_DIR; };
		69F3944228D9001D00F9CB28 /* AppDelegate.swift */ = {isa = PBXFileReference; lastKnownFileType = sourcecode.swift; path = AppDelegate.swift; sourceTree = "<group>"; };
		69F3944428D9001D00F9CB28 /* SceneDelegate.swift */ = {isa = PBXFileReference; lastKnownFileType = sourcecode.swift; path = SceneDelegate.swift; sourceTree = "<group>"; };
		69F3944628D9001D00F9CB28 /* ViewController.swift */ = {isa = PBXFileReference; lastKnownFileType = sourcecode.swift; path = ViewController.swift; sourceTree = "<group>"; };
		69F3944928D9001D00F9CB28 /* Base */ = {isa = PBXFileReference; lastKnownFileType = file.storyboard; name = Base; path = Base.lproj/Main.storyboard; sourceTree = "<group>"; };
		69F3944B28D9001E00F9CB28 /* Assets.xcassets */ = {isa = PBXFileReference; lastKnownFileType = folder.assetcatalog; path = Assets.xcassets; sourceTree = "<group>"; };
		69F3944E28D9001E00F9CB28 /* Base */ = {isa = PBXFileReference; lastKnownFileType = file.storyboard; name = Base; path = Base.lproj/LaunchScreen.storyboard; sourceTree = "<group>"; };
		69F3945028D9001E00F9CB28 /* Info.plist */ = {isa = PBXFileReference; lastKnownFileType = text.plist.xml; path = Info.plist; sourceTree = "<group>"; };
/* End PBXFileReference section */

/* Begin PBXFrameworksBuildPhase section */
		69F3943C28D9001D00F9CB28 /* Frameworks */ = {
			isa = PBXFrameworksBuildPhase;
			buildActionMask = 2147483647;
			files = (
				6911030E28E4CC4800FAFAAB /* SDWebImage in Frameworks */,
				693BBE8028DCF7C80072CC69 /* SwiftyJSON in Frameworks */,
				693BBE8328DCF81B0072CC69 /* Alamofire in Frameworks */,
			);
			runOnlyForDeploymentPostprocessing = 0;
		};
/* End PBXFrameworksBuildPhase section */

/* Begin PBXGroup section */
		693BBE8428DCFE8C0072CC69 /* View */ = {
			isa = PBXGroup;
			children = (
				69F3944828D9001D00F9CB28 /* Main.storyboard */,
			);
			path = View;
			sourceTree = "<group>";
		};
		693BBE8528DCFE960072CC69 /* Controller */ = {
			isa = PBXGroup;
			children = (
				69F3944628D9001D00F9CB28 /* ViewController.swift */,
			);
			path = Controller;
			sourceTree = "<group>";
		};
		693BBE8828DCFEB60072CC69 /* Model */ = {
			isa = PBXGroup;
			children = (
			);
			path = Model;
			sourceTree = "<group>";
		};
		69F3943628D9001D00F9CB28 = {
			isa = PBXGroup;
			children = (
				69F3944128D9001D00F9CB28 /* WhatDog */,
				69F3944028D9001D00F9CB28 /* Products */,
			);
			sourceTree = "<group>";
		};
		69F3944028D9001D00F9CB28 /* Products */ = {
			isa = PBXGroup;
			children = (
				69F3943F28D9001D00F9CB28 /* WhatDog.app */,
			);
			name = Products;
			sourceTree = "<group>";
		};
		69F3944128D9001D00F9CB28 /* WhatDog */ = {
			isa = PBXGroup;
			children = (
				69F3944228D9001D00F9CB28 /* AppDelegate.swift */,
				69F3944428D9001D00F9CB28 /* SceneDelegate.swift */,
				693BBE8828DCFEB60072CC69 /* Model */,
				693BBE8428DCFE8C0072CC69 /* View */,
				693BBE8528DCFE960072CC69 /* Controller */,
				69F3944B28D9001E00F9CB28 /* Assets.xcassets */,
				69F3944D28D9001E00F9CB28 /* LaunchScreen.storyboard */,
				69A9F05128E5EE620067F208 /* WhatDogClassifier.mlmodel */,
				69F3945028D9001E00F9CB28 /* Info.plist */,
			);
			path = WhatDog;
			sourceTree = "<group>";
		};
/* End PBXGroup section */

/* Begin PBXNativeTarget section */
		69F3943E28D9001D00F9CB28 /* WhatDog */ = {
			isa = PBXNativeTarget;
			buildConfigurationList = 69F3945328D9001E00F9CB28 /* Build configuration list for PBXNativeTarget "WhatDog" */;
			buildPhases = (
				69F3943B28D9001D00F9CB28 /* Sources */,
				69F3943C28D9001D00F9CB28 /* Frameworks */,
				69F3943D28D9001D00F9CB28 /* Resources */,
			);
			buildRules = (
			);
			dependencies = (
			);
			name = WhatDog;
			packageProductDependencies = (
				693BBE7F28DCF7C80072CC69 /* SwiftyJSON */,
				693BBE8228DCF81B0072CC69 /* Alamofire */,
				6911030D28E4CC4800FAFAAB /* SDWebImage */,
			);
			productName = SeeFood;
			productReference = 69F3943F28D9001D00F9CB28 /* WhatDog.app */;
			productType = "com.apple.product-type.application";
		};
/* End PBXNativeTarget section */

/* Begin PBXProject section */
		69F3943728D9001D00F9CB28 /* Project object */ = {
			isa = PBXProject;
			attributes = {
				BuildIndependentTargetsInParallel = 1;
				LastSwiftUpdateCheck = 1400;
				LastUpgradeCheck = 1400;
				TargetAttributes = {
					69F3943E28D9001D00F9CB28 = {
						CreatedOnToolsVersion = 14.0;
					};
				};
			};
			buildConfigurationList = 69F3943A28D9001D00F9CB28 /* Build configuration list for PBXProject "WhatDog" */;
			compatibilityVersion = "Xcode 14.0";
			developmentRegion = en;
			hasScannedForEncodings = 0;
			knownRegions = (
				en,
				Base,
			);
			mainGroup = 69F3943628D9001D00F9CB28;
			packageReferences = (
				693BBE7E28DCF7C80072CC69 /* XCRemoteSwiftPackageReference "SwiftyJSON" */,
				693BBE8128DCF81B0072CC69 /* XCRemoteSwiftPackageReference "Alamofire" */,
				6911030C28E4CC4800FAFAAB /* XCRemoteSwiftPackageReference "SDWebImage" */,
			);
			productRefGroup = 69F3944028D9001D00F9CB28 /* Products */;
			projectDirPath = "";
			projectRoot = "";
			targets = (
				69F3943E28D9001D00F9CB28 /* WhatDog */,
			);
		};
/* End PBXProject section */

/* Begin PBXResourcesBuildPhase section */
		69F3943D28D9001D00F9CB28 /* Resources */ = {
			isa = PBXResourcesBuildPhase;
			buildActionMask = 2147483647;
			files = (
				69F3944F28D9001E00F9CB28 /* LaunchScreen.storyboard in Resources */,
				69F3944C28D9001E00F9CB28 /* Assets.xcassets in Resources */,
				69F3944A28D9001D00F9CB28 /* Main.storyboard in Resources */,
			);
			runOnlyForDeploymentPostprocessing = 0;
		};
/* End PBXResourcesBuildPhase section */

/* Begin PBXSourcesBuildPhase section */
		69F3943B28D9001D00F9CB28 /* Sources */ = {
			isa = PBXSourcesBuildPhase;
			buildActionMask = 2147483647;
			files = (
				69A9F05228E5EE620067F208 /* WhatDogClassifier.mlmodel in Sources */,
				69F3944728D9001D00F9CB28 /* ViewController.swift in Sources */,
				69F3944328D9001D00F9CB28 /* AppDelegate.swift in Sources */,
				69F3944528D9001D00F9CB28 /* SceneDelegate.swift in Sources */,
			);
			runOnlyForDeploymentPostprocessing = 0;
		};
/* End PBXSourcesBuildPhase section */

/* Begin PBXVariantGroup section */
		69F3944828D9001D00F9CB28 /* Main.storyboard */ = {
			isa = PBXVariantGroup;
			children = (
				69F3944928D9001D00F9CB28 /* Base */,
			);
			name = Main.storyboard;
			sourceTree = "<group>";
		};
		69F3944D28D9001E00F9CB28 /* LaunchScreen.storyboard */ = {
			isa = PBXVariantGroup;
			children = (
				69F3944E28D9001E00F9CB28 /* Base */,
			);
			name = LaunchScreen.storyboard;
			sourceTree = "<group>";
		};
/* End PBXVariantGroup section */

/* Begin XCBuildConfiguration section */
		69F3945128D9001E00F9CB28 /* Debug */ = {
			isa = XCBuildConfiguration;
			buildSettings = {
				ALWAYS_SEARCH_USER_PATHS = NO;
				CLANG_ANALYZER_NONNULL = YES;
				CLANG_ANALYZER_NUMBER_OBJECT_CONVERSION = YES_AGGRESSIVE;
				CLANG_CXX_LANGUAGE_STANDARD = "gnu++20";
				CLANG_ENABLE_MODULES = YES;
				CLANG_ENABLE_OBJC_ARC = YES;
				CLANG_ENABLE_OBJC_WEAK = YES;
				CLANG_WARN_BLOCK_CAPTURE_AUTORELEASING = YES;
				CLANG_WARN_BOOL_CONVERSION = YES;
				CLANG_WARN_COMMA = YES;
				CLANG_WARN_CONSTANT_CONVERSION = YES;
				CLANG_WARN_DEPRECATED_OBJC_IMPLEMENTATIONS = YES;
				CLANG_WARN_DIRECT_OBJC_ISA_USAGE = YES_ERROR;
				CLANG_WARN_DOCUMENTATION_COMMENTS = YES;
				CLANG_WARN_EMPTY_BODY = YES;
				CLANG_WARN_ENUM_CONVERSION = YES;
				CLANG_WARN_INFINITE_RECURSION = YES;
				CLANG_WARN_INT_CONVERSION = YES;
				CLANG_WARN_NON_LITERAL_NULL_CONVERSION = YES;
				CLANG_WARN_OBJC_IMPLICIT_RETAIN_SELF = YES;
				CLANG_WARN_OBJC_LITERAL_CONVERSION = YES;
				CLANG_WARN_OBJC_ROOT_CLASS = YES_ERROR;
				CLANG_WARN_QUOTED_INCLUDE_IN_FRAMEWORK_HEADER = YES;
				CLANG_WARN_RANGE_LOOP_ANALYSIS = YES;
				CLANG_WARN_STRICT_PROTOTYPES = YES;
				CLANG_WARN_SUSPICIOUS_MOVE = YES;
				CLANG_WARN_UNGUARDED_AVAILABILITY = YES_AGGRESSIVE;
				CLANG_WARN_UNREACHABLE_CODE = YES;
				CLANG_WARN__DUPLICATE_METHOD_MATCH = YES;
				COPY_PHASE_STRIP = NO;
				DEBUG_INFORMATION_FORMAT = dwarf;
				ENABLE_STRICT_OBJC_MSGSEND = YES;
				ENABLE_TESTABILITY = YES;
				GCC_C_LANGUAGE_STANDARD = gnu11;
				GCC_DYNAMIC_NO_PIC = NO;
				GCC_NO_COMMON_BLOCKS = YES;
				GCC_OPTIMIZATION_LEVEL = 0;
				GCC_PREPROCESSOR_DEFINITIONS = (
					"DEBUG=1",
					"$(inherited)",
				);
				GCC_WARN_64_TO_32_BIT_CONVERSION = YES;
				GCC_WARN_ABOUT_RETURN_TYPE = YES_ERROR;
				GCC_WARN_UNDECLARED_SELECTOR = YES;
				GCC_WARN_UNINITIALIZED_AUTOS = YES_AGGRESSIVE;
				GCC_WARN_UNUSED_FUNCTION = YES;
				GCC_WARN_UNUSED_VARIABLE = YES;
				IPHONEOS_DEPLOYMENT_TARGET = 16.0;
				MTL_ENABLE_DEBUG_INFO = INCLUDE_SOURCE;
				MTL_FAST_MATH = YES;
				ONLY_ACTIVE_ARCH = YES;
				SDKROOT = iphoneos;
				SWIFT_ACTIVE_COMPILATION_CONDITIONS = DEBUG;
				SWIFT_OPTIMIZATION_LEVEL = "-Onone";
			};
			name = Debug;
		};
		69F3945228D9001E00F9CB28 /* Release */ = {
			isa = XCBuildConfiguration;
			buildSettings = {
				ALWAYS_SEARCH_USER_PATHS = NO;
				CLANG_ANALYZER_NONNULL = YES;
				CLANG_ANALYZER_NUMBER_OBJECT_CONVERSION = YES_AGGRESSIVE;
				CLANG_CXX_LANGUAGE_STANDARD = "gnu++20";
				CLANG_ENABLE_MODULES = YES;
				CLANG_ENABLE_OBJC_ARC = YES;
				CLANG_ENABLE_OBJC_WEAK = YES;
				CLANG_WARN_BLOCK_CAPTURE_AUTORELEASING = YES;
				CLANG_WARN_BOOL_CONVERSION = YES;
				CLANG_WARN_COMMA = YES;
				CLANG_WARN_CONSTANT_CONVERSION = YES;
				CLANG_WARN_DEPRECATED_OBJC_IMPLEMENTATIONS = YES;
				CLANG_WARN_DIRECT_OBJC_ISA_USAGE = YES_ERROR;
				CLANG_WARN_DOCUMENTATION_COMMENTS = YES;
				CLANG_WARN_EMPTY_BODY = YES;
				CLANG_WARN_ENUM_CONVERSION = YES;
				CLANG_WARN_INFINITE_RECURSION = YES;
				CLANG_WARN_INT_CONVERSION = YES;
				CLANG_WARN_NON_LITERAL_NULL_CONVERSION = YES;
				CLANG_WARN_OBJC_IMPLICIT_RETAIN_SELF = YES;
				CLANG_WARN_OBJC_LITERAL_CONVERSION = YES;
				CLANG_WARN_OBJC_ROOT_CLASS = YES_ERROR;
				CLANG_WARN_QUOTED_INCLUDE_IN_FRAMEWORK_HEADER = YES;
				CLANG_WARN_RANGE_LOOP_ANALYSIS = YES;
				CLANG_WARN_STRICT_PROTOTYPES = YES;
				CLANG_WARN_SUSPICIOUS_MOVE = YES;
				CLANG_WARN_UNGUARDED_AVAILABILITY = YES_AGGRESSIVE;
				CLANG_WARN_UNREACHABLE_CODE = YES;
				CLANG_WARN__DUPLICATE_METHOD_MATCH = YES;
				COPY_PHASE_STRIP = NO;
				DEBUG_INFORMATION_FORMAT = "dwarf-with-dsym";
				ENABLE_NS_ASSERTIONS = NO;
				ENABLE_STRICT_OBJC_MSGSEND = YES;
				GCC_C_LANGUAGE_STANDARD = gnu11;
				GCC_NO_COMMON_BLOCKS = YES;
				GCC_WARN_64_TO_32_BIT_CONVERSION = YES;
				GCC_WARN_ABOUT_RETURN_TYPE = YES_ERROR;
				GCC_WARN_UNDECLARED_SELECTOR = YES;
				GCC_WARN_UNINITIALIZED_AUTOS = YES_AGGRESSIVE;
				GCC_WARN_UNUSED_FUNCTION = YES;
				GCC_WARN_UNUSED_VARIABLE = YES;
				IPHONEOS_DEPLOYMENT_TARGET = 16.0;
				MTL_ENABLE_DEBUG_INFO = NO;
				MTL_FAST_MATH = YES;
				SDKROOT = iphoneos;
				SWIFT_COMPILATION_MODE = wholemodule;
				SWIFT_OPTIMIZATION_LEVEL = "-O";
				VALIDATE_PRODUCT = YES;
			};
			name = Release;
		};
		69F3945428D9001E00F9CB28 /* Debug */ = {
			isa = XCBuildConfiguration;
			buildSettings = {
				ASSETCATALOG_COMPILER_APPICON_NAME = AppIcon;
				ASSETCATALOG_COMPILER_GLOBAL_ACCENT_COLOR_NAME = AccentColor;
				CODE_SIGN_STYLE = Automatic;
				CURRENT_PROJECT_VERSION = 1;
				DEVELOPMENT_TEAM = 8U2APZ3TRC;
				GENERATE_INFOPLIST_FILE = YES;
				INFOPLIST_FILE = WhatDog/Info.plist;
				INFOPLIST_KEY_NSCameraUsageDescription = "Camera access is absolutely necessary to use this app, to take a picture of your dog.";
				INFOPLIST_KEY_NSPhotoLibraryUsageDescription = "Access to the library is absolutely necessary to use this app, to get a picture of your dog.";
				INFOPLIST_KEY_UIApplicationSupportsIndirectInputEvents = YES;
				INFOPLIST_KEY_UILaunchStoryboardName = LaunchScreen;
				INFOPLIST_KEY_UIMainStoryboardFile = Main;
				INFOPLIST_KEY_UISupportedInterfaceOrientations_iPad = "UIInterfaceOrientationPortrait UIInterfaceOrientationPortraitUpsideDown UIInterfaceOrientationLandscapeLeft UIInterfaceOrientationLandscapeRight";
				INFOPLIST_KEY_UISupportedInterfaceOrientations_iPhone = "UIInterfaceOrientationPortrait UIInterfaceOrientationLandscapeLeft UIInterfaceOrientationLandscapeRight";
				IPHONEOS_DEPLOYMENT_TARGET = 15.6;
				LD_RUNPATH_SEARCH_PATHS = (
					"$(inherited)",
					"@executable_path/Frameworks",
				);
				MARKETING_VERSION = 1.0;
				PRODUCT_BUNDLE_IDENTIFIER = com.marlonrfjunior.WhatDog;
				PRODUCT_NAME = "$(TARGET_NAME)";
				SWIFT_EMIT_LOC_STRINGS = YES;
				SWIFT_VERSION = 5.0;
				TARGETED_DEVICE_FAMILY = "1,2";
			};
			name = Debug;
		};
		69F3945528D9001E00F9CB28 /* Release */ = {
			isa = XCBuildConfiguration;
			buildSettings = {
				ASSETCATALOG_COMPILER_APPICON_NAME = AppIcon;
				ASSETCATALOG_COMPILER_GLOBAL_ACCENT_COLOR_NAME = AccentColor;
				CODE_SIGN_STYLE = Automatic;
				CURRENT_PROJECT_VERSION = 1;
				DEVELOPMENT_TEAM = 8U2APZ3TRC;
				GENERATE_INFOPLIST_FILE = YES;
				INFOPLIST_FILE = WhatDog/Info.plist;
				INFOPLIST_KEY_NSCameraUsageDescription = "Camera access is absolutely necessary to use this app, to take a picture of your dog.";
				INFOPLIST_KEY_NSPhotoLibraryUsageDescription = "Access to the library is absolutely necessary to use this app, to get a picture of your dog.";
				INFOPLIST_KEY_UIApplicationSupportsIndirectInputEvents = YES;
				INFOPLIST_KEY_UILaunchStoryboardName = LaunchScreen;
				INFOPLIST_KEY_UIMainStoryboardFile = Main;
				INFOPLIST_KEY_UISupportedInterfaceOrientations_iPad = "UIInterfaceOrientationPortrait UIInterfaceOrientationPortraitUpsideDown UIInterfaceOrientationLandscapeLeft UIInterfaceOrientationLandscapeRight";
				INFOPLIST_KEY_UISupportedInterfaceOrientations_iPhone = "UIInterfaceOrientationPortrait UIInterfaceOrientationLandscapeLeft UIInterfaceOrientationLandscapeRight";
				IPHONEOS_DEPLOYMENT_TARGET = 15.6;
				LD_RUNPATH_SEARCH_PATHS = (
					"$(inherited)",
					"@executable_path/Frameworks",
				);
				MARKETING_VERSION = 1.0;
				PRODUCT_BUNDLE_IDENTIFIER = com.marlonrfjunior.SeeFood;
				PRODUCT_NAME = "$(TARGET_NAME)";
				SWIFT_EMIT_LOC_STRINGS = YES;
				SWIFT_VERSION = 5.0;
				TARGETED_DEVICE_FAMILY = "1,2";
			};
			name = Release;
		};
/* End XCBuildConfiguration section */

/* Begin XCConfigurationList section */
		69F3943A28D9001D00F9CB28 /* Build configuration list for PBXProject "WhatDog" */ = {
			isa = XCConfigurationList;
			buildConfigurations = (
				69F3945128D9001E00F9CB28 /* Debug */,
				69F3945228D9001E00F9CB28 /* Release */,
			);
			defaultConfigurationIsVisible = 0;
			defaultConfigurationName = Release;
		};
		69F3945328D9001E00F9CB28 /* Build configuration list for PBXNativeTarget "WhatDog" */ = {
			isa = XCConfigurationList;
			buildConfigurations = (
				69F3945428D9001E00F9CB28 /* Debug */,
				69F3945528D9001E00F9CB28 /* Release */,
			);
			defaultConfigurationIsVisible = 0;
			defaultConfigurationName = Release;
		};
/* End XCConfigurationList section */

/* Begin XCRemoteSwiftPackageReference section */
		6911030C28E4CC4800FAFAAB /* XCRemoteSwiftPackageReference "SDWebImage" */ = {
			isa = XCRemoteSwiftPackageReference;
			repositoryURL = "https://github.com/SDWebImage/SDWebImage";
			requirement = {
				kind = upToNextMajorVersion;
				minimumVersion = 5.0.0;
			};
		};
		693BBE7E28DCF7C80072CC69 /* XCRemoteSwiftPackageReference "SwiftyJSON" */ = {
			isa = XCRemoteSwiftPackageReference;
			repositoryURL = "https://github.com/SwiftyJSON/SwiftyJSON";
			requirement = {
				branch = master;
				kind = branch;
			};
		};
		693BBE8128DCF81B0072CC69 /* XCRemoteSwiftPackageReference "Alamofire" */ = {
			isa = XCRemoteSwiftPackageReference;
			repositoryURL = "https://github.com/Alamofire/Alamofire";
			requirement = {
				branch = master;
				kind = branch;
			};
		};
/* End XCRemoteSwiftPackageReference section */

/* Begin XCSwiftPackageProductDependency section */
		6911030D28E4CC4800FAFAAB /* SDWebImage */ = {
			isa = XCSwiftPackageProductDependency;
			package = 6911030C28E4CC4800FAFAAB /* XCRemoteSwiftPackageReference "SDWebImage" */;
			productName = SDWebImage;
		};
		693BBE7F28DCF7C80072CC69 /* SwiftyJSON */ = {
			isa = XCSwiftPackageProductDependency;
			package = 693BBE7E28DCF7C80072CC69 /* XCRemoteSwiftPackageReference "SwiftyJSON" */;
			productName = SwiftyJSON;
		};
		693BBE8228DCF81B0072CC69 /* Alamofire */ = {
			isa = XCSwiftPackageProductDependency;
			package = 693BBE8128DCF81B0072CC69 /* XCRemoteSwiftPackageReference "Alamofire" */;
			productName = Alamofire;
		};
/* End XCSwiftPackageProductDependency section */
	};
	rootObject = 69F3943728D9001D00F9CB28 /* Project object */;
}
